// !$*UTF8*$!
{
	archiveVersion = 1;
	classes = {
	};
	objectVersion = 46;
	objects = {

/* Begin PBXBuildFile section */
		5623CFF616B5C220002B2E0C /* Cocoa.framework in Frameworks */ = {isa = PBXBuildFile; fileRef = 5623CFF516B5C220002B2E0C /* Cocoa.framework */; };
		5623D00016B5C220002B2E0C /* InfoPlist.strings in Resources */ = {isa = PBXBuildFile; fileRef = 5623CFFE16B5C220002B2E0C /* InfoPlist.strings */; };
		5623D00216B5C220002B2E0C /* main.m in Sources */ = {isa = PBXBuildFile; fileRef = 5623D00116B5C220002B2E0C /* main.m */; };
		5623D00616B5C220002B2E0C /* Credits.rtf in Resources */ = {isa = PBXBuildFile; fileRef = 5623D00416B5C220002B2E0C /* Credits.rtf */; };
		5623D00916B5C220002B2E0C /* PandoraAppDelegate.m in Sources */ = {isa = PBXBuildFile; fileRef = 5623D00816B5C220002B2E0C /* PandoraAppDelegate.m */; };
		5623D00C16B5C220002B2E0C /* MainMenu.xib in Resources */ = {isa = PBXBuildFile; fileRef = 5623D00A16B5C220002B2E0C /* MainMenu.xib */; };
		5623D01416B5C220002B2E0C /* SenTestingKit.framework in Frameworks */ = {isa = PBXBuildFile; fileRef = 5623D01316B5C220002B2E0C /* SenTestingKit.framework */; };
		5623D01516B5C220002B2E0C /* Cocoa.framework in Frameworks */ = {isa = PBXBuildFile; fileRef = 5623CFF516B5C220002B2E0C /* Cocoa.framework */; };
		5623D01D16B5C220002B2E0C /* InfoPlist.strings in Resources */ = {isa = PBXBuildFile; fileRef = 5623D01B16B5C220002B2E0C /* InfoPlist.strings */; };
		5623D02016B5C220002B2E0C /* Pandora_s_BoxTests.m in Sources */ = {isa = PBXBuildFile; fileRef = 5623D01F16B5C220002B2E0C /* Pandora_s_BoxTests.m */; };
		5623D02A16B5C23F002B2E0C /* AVFoundation.framework in Frameworks */ = {isa = PBXBuildFile; fileRef = 5623D02916B5C23F002B2E0C /* AVFoundation.framework */; };
		5623D03816B5C2C2002B2E0C /* PandoraConnection.m in Sources */ = {isa = PBXBuildFile; fileRef = 5623D03116B5C2C2002B2E0C /* PandoraConnection.m */; };
		5623D03916B5C2C2002B2E0C /* PandoraDebugResponses.plist in Resources */ = {isa = PBXBuildFile; fileRef = 5623D03216B5C2C2002B2E0C /* PandoraDebugResponses.plist */; };
		5623D03A16B5C2C2002B2E0C /* PandoraExceptions.plist in Resources */ = {isa = PBXBuildFile; fileRef = 5623D03316B5C2C2002B2E0C /* PandoraExceptions.plist */; };
		5623D03B16B5C2C2002B2E0C /* PandoraSong.m in Sources */ = {isa = PBXBuildFile; fileRef = 5623D03516B5C2C2002B2E0C /* PandoraSong.m */; };
		5623D03C16B5C2C2002B2E0C /* PandoraStation.m in Sources */ = {isa = PBXBuildFile; fileRef = 5623D03716B5C2C2002B2E0C /* PandoraStation.m */; };
		5623D04E16B5C34C002B2E0C /* blowfish_koc.c in Sources */ = {isa = PBXBuildFile; fileRef = 5623D03E16B5C34C002B2E0C /* blowfish_koc.c */; };
		5623D05016B5C34C002B2E0C /* readme.txt in Resources */ = {isa = PBXBuildFile; fileRef = 5623D04116B5C34C002B2E0C /* readme.txt */; };
		5623D05116B5C34C002B2E0C /* audioControlBackTemplate.pdf in Resources */ = {isa = PBXBuildFile; fileRef = 5623D04316B5C34C002B2E0C /* audioControlBackTemplate.pdf */; };
		5623D05216B5C34C002B2E0C /* audioControlNextTemplate.pdf in Resources */ = {isa = PBXBuildFile; fileRef = 5623D04416B5C34C002B2E0C /* audioControlNextTemplate.pdf */; };
		5623D05316B5C34C002B2E0C /* audioControlPauseTemplate.pdf in Resources */ = {isa = PBXBuildFile; fileRef = 5623D04516B5C34C002B2E0C /* audioControlPauseTemplate.pdf */; };
		5623D05416B5C34C002B2E0C /* audioControlPlayTemplate.pdf in Resources */ = {isa = PBXBuildFile; fileRef = 5623D04616B5C34C002B2E0C /* audioControlPlayTemplate.pdf */; };
		5623D05716B5C34C002B2E0C /* ThumbsDownTemplate.pdf in Resources */ = {isa = PBXBuildFile; fileRef = 5623D04916B5C34C002B2E0C /* ThumbsDownTemplate.pdf */; };
		5623D05816B5C34C002B2E0C /* ThumbsUpTemplate.pdf in Resources */ = {isa = PBXBuildFile; fileRef = 5623D04A16B5C34C002B2E0C /* ThumbsUpTemplate.pdf */; };
		5623D05916B5C34C002B2E0C /* JSONKit.m in Sources */ = {isa = PBXBuildFile; fileRef = 5623D04D16B5C34C002B2E0C /* JSONKit.m */; };
		5623D05D16B5C3A8002B2E0C /* cjfmanExtentionToNSString.m in Sources */ = {isa = PBXBuildFile; fileRef = 5623D05C16B5C3A8002B2E0C /* cjfmanExtentionToNSString.m */; };
		5628279B16B608AA00C7DECB /* SpeakerLoudTemplate.pdf in Resources */ = {isa = PBXBuildFile; fileRef = 5628279716B608AA00C7DECB /* SpeakerLoudTemplate.pdf */; };
		5628279C16B608AA00C7DECB /* SpeakerMidTemplate.pdf in Resources */ = {isa = PBXBuildFile; fileRef = 5628279816B608AA00C7DECB /* SpeakerMidTemplate.pdf */; };
		5628279D16B608AA00C7DECB /* SpeakerMuteTemplate.pdf in Resources */ = {isa = PBXBuildFile; fileRef = 5628279916B608AA00C7DECB /* SpeakerMuteTemplate.pdf */; };
		5628279E16B608AA00C7DECB /* SpeakerQuietTemplate.pdf in Resources */ = {isa = PBXBuildFile; fileRef = 5628279A16B608AA00C7DECB /* SpeakerQuietTemplate.pdf */; };
		562827A216B60E1900C7DECB /* PlaylistTableCellView.m in Sources */ = {isa = PBXBuildFile; fileRef = 562827A116B60E1900C7DECB /* PlaylistTableCellView.m */; };
		5648C83516CABE1F0070DF07 /* PandoraSeed.m in Sources */ = {isa = PBXBuildFile; fileRef = 5648C83416CABE1F0070DF07 /* PandoraSeed.m */; };
		565DD96A1756A5C000E0903A /* SSKeychain.m in Sources */ = {isa = PBXBuildFile; fileRef = 569C80041756780D00C55025 /* SSKeychain.m */; };
		565DD96C1756A61900E0903A /* Security.framework in Frameworks */ = {isa = PBXBuildFile; fileRef = 565DD96B1756A61800E0903A /* Security.framework */; };
		56A422B9175B03B000EE9460 /* CloseDrawerTemplate.pdf in Resources */ = {isa = PBXBuildFile; fileRef = 56A422B7175B03B000EE9460 /* CloseDrawerTemplate.pdf */; };
		56A422BA175B03B000EE9460 /* OpenDrawerTemplate.pdf in Resources */ = {isa = PBXBuildFile; fileRef = 56A422B8175B03B000EE9460 /* OpenDrawerTemplate.pdf */; };
		56A422BC175B096100EE9460 /* RowViewTemplate.pdf in Resources */ = {isa = PBXBuildFile; fileRef = 56A422BB175B096100EE9460 /* RowViewTemplate.pdf */; };
		56AB4C8E175BDBB30030A610 /* errorImage.png in Resources */ = {isa = PBXBuildFile; fileRef = 56AB4C8D175BDBB30030A610 /* errorImage.png */; };
		56DFD41B16B5C63E002AC29E /* PartnerInfo.plist in Resources */ = {isa = PBXBuildFile; fileRef = 56DFD41A16B5C63E002AC29E /* PartnerInfo.plist */; };
		56E73E7A175518F500815678 /* NSObject+SPInvocationGrabbing.m in Sources */ = {isa = PBXBuildFile; fileRef = 56E73E6C175518F500815678 /* NSObject+SPInvocationGrabbing.m */; };
		56E73E7B175518F500815678 /* SPMediaKeyTap.m in Sources */ = {isa = PBXBuildFile; fileRef = 56E73E6E175518F500815678 /* SPMediaKeyTap.m */; };
		56E73E81175523DD00815678 /* Carbon.framework in Frameworks */ = {isa = PBXBuildFile; fileRef = 56E73E80175523DD00815678 /* Carbon.framework */; };
		56F67D7D1755B034005C2037 /* Pandora.icns in Resources */ = {isa = PBXBuildFile; fileRef = 56F67D7B1755B034005C2037 /* Pandora.icns */; };
		56F67D7E1755B034005C2037 /* Pandora.iconset in Resources */ = {isa = PBXBuildFile; fileRef = 56F67D7C1755B034005C2037 /* Pandora.iconset */; };
/* End PBXBuildFile section */

/* Begin PBXContainerItemProxy section */
		5623D01616B5C220002B2E0C /* PBXContainerItemProxy */ = {
			isa = PBXContainerItemProxy;
			containerPortal = 5623CFE816B5C220002B2E0C /* Project object */;
			proxyType = 1;
			remoteGlobalIDString = 5623CFF016B5C220002B2E0C;
			remoteInfo = "Pandora's Box";
		};
/* End PBXContainerItemProxy section */

/* Begin PBXFileReference section */
		5623CFF116B5C220002B2E0C /* Pandora's Box.app */ = {isa = PBXFileReference; explicitFileType = wrapper.application; includeInIndex = 0; path = "Pandora's Box.app"; sourceTree = BUILT_PRODUCTS_DIR; };
		5623CFF516B5C220002B2E0C /* Cocoa.framework */ = {isa = PBXFileReference; lastKnownFileType = wrapper.framework; name = Cocoa.framework; path = System/Library/Frameworks/Cocoa.framework; sourceTree = SDKROOT; };
		5623CFF816B5C220002B2E0C /* AppKit.framework */ = {isa = PBXFileReference; lastKnownFileType = wrapper.framework; name = AppKit.framework; path = System/Library/Frameworks/AppKit.framework; sourceTree = SDKROOT; };
		5623CFF916B5C220002B2E0C /* CoreData.framework */ = {isa = PBXFileReference; lastKnownFileType = wrapper.framework; name = CoreData.framework; path = System/Library/Frameworks/CoreData.framework; sourceTree = SDKROOT; };
		5623CFFA16B5C220002B2E0C /* Foundation.framework */ = {isa = PBXFileReference; lastKnownFileType = wrapper.framework; name = Foundation.framework; path = System/Library/Frameworks/Foundation.framework; sourceTree = SDKROOT; };
		5623CFFD16B5C220002B2E0C /* Pandora's Box-Info.plist */ = {isa = PBXFileReference; lastKnownFileType = text.plist.xml; path = "Pandora's Box-Info.plist"; sourceTree = "<group>"; };
		5623CFFF16B5C220002B2E0C /* en */ = {isa = PBXFileReference; lastKnownFileType = text.plist.strings; name = en; path = en.lproj/InfoPlist.strings; sourceTree = "<group>"; };
		5623D00116B5C220002B2E0C /* main.m */ = {isa = PBXFileReference; lastKnownFileType = sourcecode.c.objc; path = main.m; sourceTree = "<group>"; };
		5623D00316B5C220002B2E0C /* Pandora's Box-Prefix.pch */ = {isa = PBXFileReference; lastKnownFileType = sourcecode.c.h; path = "Pandora's Box-Prefix.pch"; sourceTree = "<group>"; };
		5623D00516B5C220002B2E0C /* en */ = {isa = PBXFileReference; lastKnownFileType = text.rtf; name = en; path = en.lproj/Credits.rtf; sourceTree = "<group>"; };
		5623D00716B5C220002B2E0C /* PandoraAppDelegate.h */ = {isa = PBXFileReference; lastKnownFileType = sourcecode.c.h; path = PandoraAppDelegate.h; sourceTree = "<group>"; };
		5623D00816B5C220002B2E0C /* PandoraAppDelegate.m */ = {isa = PBXFileReference; lastKnownFileType = sourcecode.c.objc; path = PandoraAppDelegate.m; sourceTree = "<group>"; };
		5623D00B16B5C220002B2E0C /* en */ = {isa = PBXFileReference; lastKnownFileType = file.xib; name = en; path = en.lproj/MainMenu.xib; sourceTree = "<group>"; };
		5623D01216B5C220002B2E0C /* Pandora's BoxTests.octest */ = {isa = PBXFileReference; explicitFileType = wrapper.cfbundle; includeInIndex = 0; path = "Pandora's BoxTests.octest"; sourceTree = BUILT_PRODUCTS_DIR; };
		5623D01316B5C220002B2E0C /* SenTestingKit.framework */ = {isa = PBXFileReference; lastKnownFileType = wrapper.framework; name = SenTestingKit.framework; path = Library/Frameworks/SenTestingKit.framework; sourceTree = DEVELOPER_DIR; };
		5623D01A16B5C220002B2E0C /* Pandora's BoxTests-Info.plist */ = {isa = PBXFileReference; lastKnownFileType = text.plist.xml; path = "Pandora's BoxTests-Info.plist"; sourceTree = "<group>"; };
		5623D01C16B5C220002B2E0C /* en */ = {isa = PBXFileReference; lastKnownFileType = text.plist.strings; name = en; path = en.lproj/InfoPlist.strings; sourceTree = "<group>"; };
		5623D01E16B5C220002B2E0C /* Pandora_s_BoxTests.h */ = {isa = PBXFileReference; lastKnownFileType = sourcecode.c.h; path = Pandora_s_BoxTests.h; sourceTree = "<group>"; };
		5623D01F16B5C220002B2E0C /* Pandora_s_BoxTests.m */ = {isa = PBXFileReference; lastKnownFileType = sourcecode.c.objc; path = Pandora_s_BoxTests.m; sourceTree = "<group>"; };
		5623D02916B5C23F002B2E0C /* AVFoundation.framework */ = {isa = PBXFileReference; lastKnownFileType = wrapper.framework; name = AVFoundation.framework; path = System/Library/Frameworks/AVFoundation.framework; sourceTree = SDKROOT; };
		5623D03016B5C2C2002B2E0C /* PandoraConnection.h */ = {isa = PBXFileReference; fileEncoding = 4; lastKnownFileType = sourcecode.c.h; path = PandoraConnection.h; sourceTree = "<group>"; };
		5623D03116B5C2C2002B2E0C /* PandoraConnection.m */ = {isa = PBXFileReference; fileEncoding = 4; lastKnownFileType = sourcecode.c.objc; path = PandoraConnection.m; sourceTree = "<group>"; };
		5623D03216B5C2C2002B2E0C /* PandoraDebugResponses.plist */ = {isa = PBXFileReference; fileEncoding = 4; lastKnownFileType = text.plist.xml; path = PandoraDebugResponses.plist; sourceTree = "<group>"; };
		5623D03316B5C2C2002B2E0C /* PandoraExceptions.plist */ = {isa = PBXFileReference; fileEncoding = 4; lastKnownFileType = text.plist.xml; path = PandoraExceptions.plist; sourceTree = "<group>"; };
		5623D03416B5C2C2002B2E0C /* PandoraSong.h */ = {isa = PBXFileReference; fileEncoding = 4; lastKnownFileType = sourcecode.c.h; path = PandoraSong.h; sourceTree = "<group>"; };
		5623D03516B5C2C2002B2E0C /* PandoraSong.m */ = {isa = PBXFileReference; fileEncoding = 4; lastKnownFileType = sourcecode.c.objc; path = PandoraSong.m; sourceTree = "<group>"; };
		5623D03616B5C2C2002B2E0C /* PandoraStation.h */ = {isa = PBXFileReference; fileEncoding = 4; lastKnownFileType = sourcecode.c.h; path = PandoraStation.h; sourceTree = "<group>"; };
		5623D03716B5C2C2002B2E0C /* PandoraStation.m */ = {isa = PBXFileReference; fileEncoding = 4; lastKnownFileType = sourcecode.c.objc; path = PandoraStation.m; sourceTree = "<group>"; };
		5623D03E16B5C34C002B2E0C /* blowfish_koc.c */ = {isa = PBXFileReference; fileEncoding = 4; lastKnownFileType = sourcecode.c.c; path = blowfish_koc.c; sourceTree = "<group>"; };
		5623D03F16B5C34C002B2E0C /* blowfish_koc.h */ = {isa = PBXFileReference; fileEncoding = 4; lastKnownFileType = sourcecode.c.h; path = blowfish_koc.h; sourceTree = "<group>"; };
		5623D04116B5C34C002B2E0C /* readme.txt */ = {isa = PBXFileReference; fileEncoding = 4; lastKnownFileType = text; path = readme.txt; sourceTree = "<group>"; };
		5623D04316B5C34C002B2E0C /* audioControlBackTemplate.pdf */ = {isa = PBXFileReference; lastKnownFileType = image.pdf; path = audioControlBackTemplate.pdf; sourceTree = "<group>"; };
		5623D04416B5C34C002B2E0C /* audioControlNextTemplate.pdf */ = {isa = PBXFileReference; lastKnownFileType = image.pdf; path = audioControlNextTemplate.pdf; sourceTree = "<group>"; };
		5623D04516B5C34C002B2E0C /* audioControlPauseTemplate.pdf */ = {isa = PBXFileReference; lastKnownFileType = image.pdf; path = audioControlPauseTemplate.pdf; sourceTree = "<group>"; };
		5623D04616B5C34C002B2E0C /* audioControlPlayTemplate.pdf */ = {isa = PBXFileReference; lastKnownFileType = image.pdf; path = audioControlPlayTemplate.pdf; sourceTree = "<group>"; };
		5623D04916B5C34C002B2E0C /* ThumbsDownTemplate.pdf */ = {isa = PBXFileReference; lastKnownFileType = image.pdf; path = ThumbsDownTemplate.pdf; sourceTree = "<group>"; };
		5623D04A16B5C34C002B2E0C /* ThumbsUpTemplate.pdf */ = {isa = PBXFileReference; lastKnownFileType = image.pdf; path = ThumbsUpTemplate.pdf; sourceTree = "<group>"; };
		5623D04C16B5C34C002B2E0C /* JSONKit.h */ = {isa = PBXFileReference; fileEncoding = 4; lastKnownFileType = sourcecode.c.h; path = JSONKit.h; sourceTree = "<group>"; };
		5623D04D16B5C34C002B2E0C /* JSONKit.m */ = {isa = PBXFileReference; fileEncoding = 4; lastKnownFileType = sourcecode.c.objc; path = JSONKit.m; sourceTree = "<group>"; };
		5623D05B16B5C3A8002B2E0C /* cjfmanExtentionToNSString.h */ = {isa = PBXFileReference; fileEncoding = 4; lastKnownFileType = sourcecode.c.h; path = cjfmanExtentionToNSString.h; sourceTree = "<group>"; };
		5623D05C16B5C3A8002B2E0C /* cjfmanExtentionToNSString.m */ = {isa = PBXFileReference; fileEncoding = 4; lastKnownFileType = sourcecode.c.objc; path = cjfmanExtentionToNSString.m; sourceTree = "<group>"; };
		5628279716B608AA00C7DECB /* SpeakerLoudTemplate.pdf */ = {isa = PBXFileReference; lastKnownFileType = image.pdf; path = SpeakerLoudTemplate.pdf; sourceTree = "<group>"; };
		5628279816B608AA00C7DECB /* SpeakerMidTemplate.pdf */ = {isa = PBXFileReference; lastKnownFileType = image.pdf; path = SpeakerMidTemplate.pdf; sourceTree = "<group>"; };
		5628279916B608AA00C7DECB /* SpeakerMuteTemplate.pdf */ = {isa = PBXFileReference; lastKnownFileType = image.pdf; path = SpeakerMuteTemplate.pdf; sourceTree = "<group>"; };
		5628279A16B608AA00C7DECB /* SpeakerQuietTemplate.pdf */ = {isa = PBXFileReference; lastKnownFileType = image.pdf; path = SpeakerQuietTemplate.pdf; sourceTree = "<group>"; };
		562827A016B60E1900C7DECB /* PlaylistTableCellView.h */ = {isa = PBXFileReference; fileEncoding = 4; lastKnownFileType = sourcecode.c.h; path = PlaylistTableCellView.h; sourceTree = "<group>"; };
		562827A116B60E1900C7DECB /* PlaylistTableCellView.m */ = {isa = PBXFileReference; fileEncoding = 4; lastKnownFileType = sourcecode.c.objc; path = PlaylistTableCellView.m; sourceTree = "<group>"; };
		5630CBA4175830AC006DCC0C /* WebKit.framework */ = {isa = PBXFileReference; lastKnownFileType = wrapper.framework; name = WebKit.framework; path = System/Library/Frameworks/WebKit.framework; sourceTree = SDKROOT; };
		5648C83316CABE1F0070DF07 /* PandoraSeed.h */ = {isa = PBXFileReference; fileEncoding = 4; lastKnownFileType = sourcecode.c.h; path = PandoraSeed.h; sourceTree = "<group>"; };
		5648C83416CABE1F0070DF07 /* PandoraSeed.m */ = {isa = PBXFileReference; fileEncoding = 4; lastKnownFileType = sourcecode.c.objc; path = PandoraSeed.m; sourceTree = "<group>"; };
		565DD96B1756A61800E0903A /* Security.framework */ = {isa = PBXFileReference; lastKnownFileType = wrapper.framework; name = Security.framework; path = System/Library/Frameworks/Security.framework; sourceTree = SDKROOT; };
		569C80031756780D00C55025 /* SSKeychain.h */ = {isa = PBXFileReference; fileEncoding = 4; lastKnownFileType = sourcecode.c.h; path = SSKeychain.h; sourceTree = "<group>"; };
		569C80041756780D00C55025 /* SSKeychain.m */ = {isa = PBXFileReference; fileEncoding = 4; lastKnownFileType = sourcecode.c.objc; path = SSKeychain.m; sourceTree = "<group>"; };
		56A422B7175B03B000EE9460 /* CloseDrawerTemplate.pdf */ = {isa = PBXFileReference; lastKnownFileType = image.pdf; path = CloseDrawerTemplate.pdf; sourceTree = "<group>"; };
		56A422B8175B03B000EE9460 /* OpenDrawerTemplate.pdf */ = {isa = PBXFileReference; lastKnownFileType = image.pdf; path = OpenDrawerTemplate.pdf; sourceTree = "<group>"; };
		56A422BB175B096100EE9460 /* RowViewTemplate.pdf */ = {isa = PBXFileReference; lastKnownFileType = image.pdf; path = RowViewTemplate.pdf; sourceTree = "<group>"; };
		56AB4C8D175BDBB30030A610 /* errorImage.png */ = {isa = PBXFileReference; lastKnownFileType = image.png; path = errorImage.png; sourceTree = "<group>"; };
		56DFD41A16B5C63E002AC29E /* PartnerInfo.plist */ = {isa = PBXFileReference; fileEncoding = 4; lastKnownFileType = text.plist.xml; path = PartnerInfo.plist; sourceTree = "<group>"; };
		56E73E6B175518F500815678 /* NSObject+SPInvocationGrabbing.h */ = {isa = PBXFileReference; fileEncoding = 4; lastKnownFileType = sourcecode.c.h; path = "NSObject+SPInvocationGrabbing.h"; sourceTree = "<group>"; };
		56E73E6C175518F500815678 /* NSObject+SPInvocationGrabbing.m */ = {isa = PBXFileReference; fileEncoding = 4; lastKnownFileType = sourcecode.c.objc; path = "NSObject+SPInvocationGrabbing.m"; sourceTree = "<group>"; };
		56E73E6D175518F500815678 /* SPMediaKeyTap.h */ = {isa = PBXFileReference; fileEncoding = 4; lastKnownFileType = sourcecode.c.h; path = SPMediaKeyTap.h; sourceTree = "<group>"; };
		56E73E6E175518F500815678 /* SPMediaKeyTap.m */ = {isa = PBXFileReference; fileEncoding = 4; lastKnownFileType = sourcecode.c.objc; path = SPMediaKeyTap.m; sourceTree = "<group>"; };
		56E73E80175523DD00815678 /* Carbon.framework */ = {isa = PBXFileReference; lastKnownFileType = wrapper.framework; name = Carbon.framework; path = System/Library/Frameworks/Carbon.framework; sourceTree = SDKROOT; };
		56F67D7B1755B034005C2037 /* Pandora.icns */ = {isa = PBXFileReference; lastKnownFileType = image.icns; name = Pandora.icns; path = ../Pandora.icns; sourceTree = "<group>"; };
		56F67D7C1755B034005C2037 /* Pandora.iconset */ = {isa = PBXFileReference; lastKnownFileType = folder.iconset; name = Pandora.iconset; path = ../Pandora.iconset; sourceTree = "<group>"; };
/* End PBXFileReference section */

/* Begin PBXFrameworksBuildPhase section */
		5623CFEE16B5C220002B2E0C /* Frameworks */ = {
			isa = PBXFrameworksBuildPhase;
			buildActionMask = 2147483647;
			files = (
				565DD96C1756A61900E0903A /* Security.framework in Frameworks */,
				56E73E81175523DD00815678 /* Carbon.framework in Frameworks */,
				5623D02A16B5C23F002B2E0C /* AVFoundation.framework in Frameworks */,
				5623CFF616B5C220002B2E0C /* Cocoa.framework in Frameworks */,
			);
			runOnlyForDeploymentPostprocessing = 0;
		};
		5623D00E16B5C220002B2E0C /* Frameworks */ = {
			isa = PBXFrameworksBuildPhase;
			buildActionMask = 2147483647;
			files = (
				5623D01416B5C220002B2E0C /* SenTestingKit.framework in Frameworks */,
				5623D01516B5C220002B2E0C /* Cocoa.framework in Frameworks */,
			);
			runOnlyForDeploymentPostprocessing = 0;
		};
/* End PBXFrameworksBuildPhase section */

/* Begin PBXGroup section */
		5623CFE616B5C220002B2E0C = {
			isa = PBXGroup;
			children = (
				5630CBA4175830AC006DCC0C /* WebKit.framework */,
				565DD96B1756A61800E0903A /* Security.framework */,
				56E73E80175523DD00815678 /* Carbon.framework */,
				5623D02916B5C23F002B2E0C /* AVFoundation.framework */,
				5623CFFB16B5C220002B2E0C /* Pandora's Box */,
				5623D01816B5C220002B2E0C /* Pandora's BoxTests */,
				5623CFF416B5C220002B2E0C /* Frameworks */,
				5623CFF216B5C220002B2E0C /* Products */,
			);
			sourceTree = "<group>";
		};
		5623CFF216B5C220002B2E0C /* Products */ = {
			isa = PBXGroup;
			children = (
				5623CFF116B5C220002B2E0C /* Pandora's Box.app */,
				5623D01216B5C220002B2E0C /* Pandora's BoxTests.octest */,
			);
			name = Products;
			sourceTree = "<group>";
		};
		5623CFF416B5C220002B2E0C /* Frameworks */ = {
			isa = PBXGroup;
			children = (
				5623CFF516B5C220002B2E0C /* Cocoa.framework */,
				5623D01316B5C220002B2E0C /* SenTestingKit.framework */,
				5623CFF716B5C220002B2E0C /* Other Frameworks */,
			);
			name = Frameworks;
			sourceTree = "<group>";
		};
		5623CFF716B5C220002B2E0C /* Other Frameworks */ = {
			isa = PBXGroup;
			children = (
				5623CFF816B5C220002B2E0C /* AppKit.framework */,
				5623CFF916B5C220002B2E0C /* CoreData.framework */,
				5623CFFA16B5C220002B2E0C /* Foundation.framework */,
			);
			name = "Other Frameworks";
			sourceTree = "<group>";
		};
		5623CFFB16B5C220002B2E0C /* Pandora's Box */ = {
			isa = PBXGroup;
			children = (
				5623D00716B5C220002B2E0C /* PandoraAppDelegate.h */,
				5623D00816B5C220002B2E0C /* PandoraAppDelegate.m */,
				5623D00A16B5C220002B2E0C /* MainMenu.xib */,
				5623D05A16B5C37E002B2E0C /* My Tools */,
				5628279F16B60DD300C7DECB /* My UI Elements */,
				5623D04216B5C34C002B2E0C /* images */,
				5623D02F16B5C283002B2E0C /* Pandora Interface */,
				5623D04B16B5C34C002B2E0C /* JSONKit */,
				5623D03D16B5C34C002B2E0C /* bfsh-koc */,
				56E73E57175518F500815678 /* SPMediaKeyTap */,
				569C7FFD1756780D00C55025 /* sskeychain */,
				5623CFFC16B5C220002B2E0C /* Supporting Files */,
			);
			path = "Pandora's Box";
			sourceTree = "<group>";
		};
		5623CFFC16B5C220002B2E0C /* Supporting Files */ = {
			isa = PBXGroup;
			children = (
				56F67D7B1755B034005C2037 /* Pandora.icns */,
				56F67D7C1755B034005C2037 /* Pandora.iconset */,
				5623CFFD16B5C220002B2E0C /* Pandora's Box-Info.plist */,
				5623CFFE16B5C220002B2E0C /* InfoPlist.strings */,
				5623D00116B5C220002B2E0C /* main.m */,
				5623D00316B5C220002B2E0C /* Pandora's Box-Prefix.pch */,
				5623D00416B5C220002B2E0C /* Credits.rtf */,
			);
			name = "Supporting Files";
			sourceTree = "<group>";
		};
		5623D01816B5C220002B2E0C /* Pandora's BoxTests */ = {
			isa = PBXGroup;
			children = (
				5623D01E16B5C220002B2E0C /* Pandora_s_BoxTests.h */,
				5623D01F16B5C220002B2E0C /* Pandora_s_BoxTests.m */,
				5623D01916B5C220002B2E0C /* Supporting Files */,
			);
			path = "Pandora's BoxTests";
			sourceTree = "<group>";
		};
		5623D01916B5C220002B2E0C /* Supporting Files */ = {
			isa = PBXGroup;
			children = (
				5623D01A16B5C220002B2E0C /* Pandora's BoxTests-Info.plist */,
				5623D01B16B5C220002B2E0C /* InfoPlist.strings */,
			);
			name = "Supporting Files";
			sourceTree = "<group>";
		};
		5623D02F16B5C283002B2E0C /* Pandora Interface */ = {
			isa = PBXGroup;
			children = (
				5623D03016B5C2C2002B2E0C /* PandoraConnection.h */,
				5623D03116B5C2C2002B2E0C /* PandoraConnection.m */,
				5623D03616B5C2C2002B2E0C /* PandoraStation.h */,
				5623D03716B5C2C2002B2E0C /* PandoraStation.m */,
				5623D03416B5C2C2002B2E0C /* PandoraSong.h */,
				5623D03516B5C2C2002B2E0C /* PandoraSong.m */,
				5648C83316CABE1F0070DF07 /* PandoraSeed.h */,
				5648C83416CABE1F0070DF07 /* PandoraSeed.m */,
				5623D03216B5C2C2002B2E0C /* PandoraDebugResponses.plist */,
				5623D03316B5C2C2002B2E0C /* PandoraExceptions.plist */,
				56DFD41A16B5C63E002AC29E /* PartnerInfo.plist */,
			);
			name = "Pandora Interface";
			sourceTree = "<group>";
		};
		5623D03D16B5C34C002B2E0C /* bfsh-koc */ = {
			isa = PBXGroup;
			children = (
				5623D03E16B5C34C002B2E0C /* blowfish_koc.c */,
				5623D03F16B5C34C002B2E0C /* blowfish_koc.h */,
				5623D04116B5C34C002B2E0C /* readme.txt */,
			);
			path = "bfsh-koc";
			sourceTree = "<group>";
		};
		5623D04216B5C34C002B2E0C /* images */ = {
			isa = PBXGroup;
			children = (
				56AB4C8D175BDBB30030A610 /* errorImage.png */,
				5628279716B608AA00C7DECB /* SpeakerLoudTemplate.pdf */,
				5628279816B608AA00C7DECB /* SpeakerMidTemplate.pdf */,
				5628279A16B608AA00C7DECB /* SpeakerQuietTemplate.pdf */,
				5628279916B608AA00C7DECB /* SpeakerMuteTemplate.pdf */,
				5623D04316B5C34C002B2E0C /* audioControlBackTemplate.pdf */,
				5623D04416B5C34C002B2E0C /* audioControlNextTemplate.pdf */,
				5623D04516B5C34C002B2E0C /* audioControlPauseTemplate.pdf */,
				5623D04616B5C34C002B2E0C /* audioControlPlayTemplate.pdf */,
				5623D04916B5C34C002B2E0C /* ThumbsDownTemplate.pdf */,
				5623D04A16B5C34C002B2E0C /* ThumbsUpTemplate.pdf */,
				56A422B8175B03B000EE9460 /* OpenDrawerTemplate.pdf */,
				56A422B7175B03B000EE9460 /* CloseDrawerTemplate.pdf */,
				56A422BB175B096100EE9460 /* RowViewTemplate.pdf */,
			);
			path = images;
			sourceTree = "<group>";
		};
		5623D04B16B5C34C002B2E0C /* JSONKit */ = {
			isa = PBXGroup;
			children = (
				5623D04C16B5C34C002B2E0C /* JSONKit.h */,
				5623D04D16B5C34C002B2E0C /* JSONKit.m */,
			);
			path = JSONKit;
			sourceTree = "<group>";
		};
		5623D05A16B5C37E002B2E0C /* My Tools */ = {
			isa = PBXGroup;
			children = (
				5623D05B16B5C3A8002B2E0C /* cjfmanExtentionToNSString.h */,
				5623D05C16B5C3A8002B2E0C /* cjfmanExtentionToNSString.m */,
			);
			name = "My Tools";
			sourceTree = "<group>";
		};
		5628279F16B60DD300C7DECB /* My UI Elements */ = {
			isa = PBXGroup;
			children = (
				562827A016B60E1900C7DECB /* PlaylistTableCellView.h */,
				562827A116B60E1900C7DECB /* PlaylistTableCellView.m */,
			);
			name = "My UI Elements";
			sourceTree = "<group>";
		};
		569C7FFD1756780D00C55025 /* sskeychain */ = {
			isa = PBXGroup;
			children = (
				569C80031756780D00C55025 /* SSKeychain.h */,
				569C80041756780D00C55025 /* SSKeychain.m */,
			);
			path = sskeychain;
			sourceTree = "<group>";
		};
		56E73E57175518F500815678 /* SPMediaKeyTap */ = {
			isa = PBXGroup;
			children = (
				56E73E67175518F500815678 /* SPInvocationGrabbing */,
				56E73E6D175518F500815678 /* SPMediaKeyTap.h */,
				56E73E6E175518F500815678 /* SPMediaKeyTap.m */,
			);
			path = SPMediaKeyTap;
			sourceTree = "<group>";
		};
		56E73E67175518F500815678 /* SPInvocationGrabbing */ = {
			isa = PBXGroup;
			children = (
				56E73E6B175518F500815678 /* NSObject+SPInvocationGrabbing.h */,
				56E73E6C175518F500815678 /* NSObject+SPInvocationGrabbing.m */,
			);
			path = SPInvocationGrabbing;
			sourceTree = "<group>";
		};
/* End PBXGroup section */

/* Begin PBXNativeTarget section */
		5623CFF016B5C220002B2E0C /* Pandora's Box */ = {
			isa = PBXNativeTarget;
			buildConfigurationList = 5623D02316B5C220002B2E0C /* Build configuration list for PBXNativeTarget "Pandora's Box" */;
			buildPhases = (
				5623CFED16B5C220002B2E0C /* Sources */,
				5623CFEE16B5C220002B2E0C /* Frameworks */,
				5623CFEF16B5C220002B2E0C /* Resources */,
			);
			buildRules = (
			);
			dependencies = (
			);
			name = "Pandora's Box";
			productName = "Pandora's Box";
			productReference = 5623CFF116B5C220002B2E0C /* Pandora's Box.app */;
			productType = "com.apple.product-type.application";
		};
		5623D01116B5C220002B2E0C /* Pandora's BoxTests */ = {
			isa = PBXNativeTarget;
			buildConfigurationList = 5623D02616B5C220002B2E0C /* Build configuration list for PBXNativeTarget "Pandora's BoxTests" */;
			buildPhases = (
				5623D00D16B5C220002B2E0C /* Sources */,
				5623D00E16B5C220002B2E0C /* Frameworks */,
				5623D00F16B5C220002B2E0C /* Resources */,
				5623D01016B5C220002B2E0C /* ShellScript */,
			);
			buildRules = (
			);
			dependencies = (
				5623D01716B5C220002B2E0C /* PBXTargetDependency */,
			);
			name = "Pandora's BoxTests";
			productName = "Pandora's BoxTests";
			productReference = 5623D01216B5C220002B2E0C /* Pandora's BoxTests.octest */;
			productType = "com.apple.product-type.bundle";
		};
/* End PBXNativeTarget section */

/* Begin PBXProject section */
		5623CFE816B5C220002B2E0C /* Project object */ = {
			isa = PBXProject;
			attributes = {
				CLASSPREFIX = Pandora;
				LastUpgradeCheck = 0450;
				ORGANIZATIONNAME = "Charles Franklin";
			};
			buildConfigurationList = 5623CFEB16B5C220002B2E0C /* Build configuration list for PBXProject "Pandora's Box" */;
			compatibilityVersion = "Xcode 3.2";
			developmentRegion = English;
			hasScannedForEncodings = 0;
			knownRegions = (
				en,
				English,
			);
			mainGroup = 5623CFE616B5C220002B2E0C;
			productRefGroup = 5623CFF216B5C220002B2E0C /* Products */;
			projectDirPath = "";
			projectRoot = "";
			targets = (
				5623CFF016B5C220002B2E0C /* Pandora's Box */,
				5623D01116B5C220002B2E0C /* Pandora's BoxTests */,
			);
		};
/* End PBXProject section */

/* Begin PBXResourcesBuildPhase section */
		5623CFEF16B5C220002B2E0C /* Resources */ = {
			isa = PBXResourcesBuildPhase;
			buildActionMask = 2147483647;
			files = (
				5623D00016B5C220002B2E0C /* InfoPlist.strings in Resources */,
				5623D00616B5C220002B2E0C /* Credits.rtf in Resources */,
				5623D00C16B5C220002B2E0C /* MainMenu.xib in Resources */,
				5623D03916B5C2C2002B2E0C /* PandoraDebugResponses.plist in Resources */,
				5623D03A16B5C2C2002B2E0C /* PandoraExceptions.plist in Resources */,
				5623D05016B5C34C002B2E0C /* readme.txt in Resources */,
				5623D05116B5C34C002B2E0C /* audioControlBackTemplate.pdf in Resources */,
				5623D05216B5C34C002B2E0C /* audioControlNextTemplate.pdf in Resources */,
				5623D05316B5C34C002B2E0C /* audioControlPauseTemplate.pdf in Resources */,
				5623D05416B5C34C002B2E0C /* audioControlPlayTemplate.pdf in Resources */,
				5623D05716B5C34C002B2E0C /* ThumbsDownTemplate.pdf in Resources */,
				5623D05816B5C34C002B2E0C /* ThumbsUpTemplate.pdf in Resources */,
				56DFD41B16B5C63E002AC29E /* PartnerInfo.plist in Resources */,
				5628279B16B608AA00C7DECB /* SpeakerLoudTemplate.pdf in Resources */,
				5628279C16B608AA00C7DECB /* SpeakerMidTemplate.pdf in Resources */,
				5628279D16B608AA00C7DECB /* SpeakerMuteTemplate.pdf in Resources */,
				5628279E16B608AA00C7DECB /* SpeakerQuietTemplate.pdf in Resources */,
				56F67D7D1755B034005C2037 /* Pandora.icns in Resources */,
				56F67D7E1755B034005C2037 /* Pandora.iconset in Resources */,
				56A422B9175B03B000EE9460 /* CloseDrawerTemplate.pdf in Resources */,
				56A422BA175B03B000EE9460 /* OpenDrawerTemplate.pdf in Resources */,
				56A422BC175B096100EE9460 /* RowViewTemplate.pdf in Resources */,
				56AB4C8E175BDBB30030A610 /* errorImage.png in Resources */,
			);
			runOnlyForDeploymentPostprocessing = 0;
		};
		5623D00F16B5C220002B2E0C /* Resources */ = {
			isa = PBXResourcesBuildPhase;
			buildActionMask = 2147483647;
			files = (
				5623D01D16B5C220002B2E0C /* InfoPlist.strings in Resources */,
			);
			runOnlyForDeploymentPostprocessing = 0;
		};
/* End PBXResourcesBuildPhase section */

/* Begin PBXShellScriptBuildPhase section */
		5623D01016B5C220002B2E0C /* ShellScript */ = {
			isa = PBXShellScriptBuildPhase;
			buildActionMask = 2147483647;
			files = (
			);
			inputPaths = (
			);
			outputPaths = (
			);
			runOnlyForDeploymentPostprocessing = 0;
			shellPath = /bin/sh;
			shellScript = "# Run the unit tests in this test bundle.\n\"${SYSTEM_DEVELOPER_DIR}/Tools/RunUnitTests\"\n";
		};
/* End PBXShellScriptBuildPhase section */

/* Begin PBXSourcesBuildPhase section */
		5623CFED16B5C220002B2E0C /* Sources */ = {
			isa = PBXSourcesBuildPhase;
			buildActionMask = 2147483647;
			files = (
				565DD96A1756A5C000E0903A /* SSKeychain.m in Sources */,
				5623D00216B5C220002B2E0C /* main.m in Sources */,
				5623D00916B5C220002B2E0C /* PandoraAppDelegate.m in Sources */,
				5623D03816B5C2C2002B2E0C /* PandoraConnection.m in Sources */,
				5623D03B16B5C2C2002B2E0C /* PandoraSong.m in Sources */,
				5623D03C16B5C2C2002B2E0C /* PandoraStation.m in Sources */,
				5623D04E16B5C34C002B2E0C /* blowfish_koc.c in Sources */,
				5623D05916B5C34C002B2E0C /* JSONKit.m in Sources */,
				5623D05D16B5C3A8002B2E0C /* cjfmanExtentionToNSString.m in Sources */,
				562827A216B60E1900C7DECB /* PlaylistTableCellView.m in Sources */,
				5648C83516CABE1F0070DF07 /* PandoraSeed.m in Sources */,
				56E73E7A175518F500815678 /* NSObject+SPInvocationGrabbing.m in Sources */,
				56E73E7B175518F500815678 /* SPMediaKeyTap.m in Sources */,
			);
			runOnlyForDeploymentPostprocessing = 0;
		};
		5623D00D16B5C220002B2E0C /* Sources */ = {
			isa = PBXSourcesBuildPhase;
			buildActionMask = 2147483647;
			files = (
				5623D02016B5C220002B2E0C /* Pandora_s_BoxTests.m in Sources */,
			);
			runOnlyForDeploymentPostprocessing = 0;
		};
/* End PBXSourcesBuildPhase section */

/* Begin PBXTargetDependency section */
		5623D01716B5C220002B2E0C /* PBXTargetDependency */ = {
			isa = PBXTargetDependency;
			target = 5623CFF016B5C220002B2E0C /* Pandora's Box */;
			targetProxy = 5623D01616B5C220002B2E0C /* PBXContainerItemProxy */;
		};
/* End PBXTargetDependency section */

/* Begin PBXVariantGroup section */
		5623CFFE16B5C220002B2E0C /* InfoPlist.strings */ = {
			isa = PBXVariantGroup;
			children = (
				5623CFFF16B5C220002B2E0C /* en */,
			);
			name = InfoPlist.strings;
			sourceTree = "<group>";
		};
		5623D00416B5C220002B2E0C /* Credits.rtf */ = {
			isa = PBXVariantGroup;
			children = (
				5623D00516B5C220002B2E0C /* en */,
			);
			name = Credits.rtf;
			sourceTree = "<group>";
		};
		5623D00A16B5C220002B2E0C /* MainMenu.xib */ = {
			isa = PBXVariantGroup;
			children = (
				5623D00B16B5C220002B2E0C /* en */,
			);
			name = MainMenu.xib;
			sourceTree = "<group>";
		};
		5623D01B16B5C220002B2E0C /* InfoPlist.strings */ = {
			isa = PBXVariantGroup;
			children = (
				5623D01C16B5C220002B2E0C /* en */,
			);
			name = InfoPlist.strings;
			sourceTree = "<group>";
		};
/* End PBXVariantGroup section */

/* Begin XCBuildConfiguration section */
		5623D02116B5C220002B2E0C /* Debug */ = {
			isa = XCBuildConfiguration;
			buildSettings = {
				ALWAYS_SEARCH_USER_PATHS = NO;
				ARCHS = "$(ARCHS_STANDARD_64_BIT)";
				CLANG_CXX_LANGUAGE_STANDARD = "gnu++0x";
				CLANG_CXX_LIBRARY = "libc++";
				CLANG_WARN_EMPTY_BODY = YES;
				CLANG_WARN__DUPLICATE_METHOD_MATCH = YES;
				COPY_PHASE_STRIP = NO;
				GCC_C_LANGUAGE_STANDARD = gnu99;
				GCC_DYNAMIC_NO_PIC = NO;
				GCC_ENABLE_OBJC_EXCEPTIONS = YES;
				GCC_OPTIMIZATION_LEVEL = 0;
				GCC_PREPROCESSOR_DEFINITIONS = (
					"DEBUG=1",
					"$(inherited)",
				);
				GCC_SYMBOLS_PRIVATE_EXTERN = NO;
				GCC_WARN_64_TO_32_BIT_CONVERSION = YES;
				GCC_WARN_ABOUT_RETURN_TYPE = YES;
				GCC_WARN_UNINITIALIZED_AUTOS = YES;
				GCC_WARN_UNUSED_VARIABLE = YES;
				MACOSX_DEPLOYMENT_TARGET = 10.7;
				ONLY_ACTIVE_ARCH = YES;
				SDKROOT = macosx;
			};
			name = Debug;
		};
		5623D02216B5C220002B2E0C /* Release */ = {
			isa = XCBuildConfiguration;
			buildSettings = {
				ALWAYS_SEARCH_USER_PATHS = NO;
				ARCHS = "$(ARCHS_STANDARD_64_BIT)";
				CLANG_CXX_LANGUAGE_STANDARD = "gnu++0x";
				CLANG_CXX_LIBRARY = "libc++";
				CLANG_WARN_EMPTY_BODY = YES;
				CLANG_WARN__DUPLICATE_METHOD_MATCH = YES;
				COPY_PHASE_STRIP = YES;
				DEBUG_INFORMATION_FORMAT = "dwarf-with-dsym";
				GCC_C_LANGUAGE_STANDARD = gnu99;
				GCC_ENABLE_OBJC_EXCEPTIONS = YES;
				GCC_WARN_64_TO_32_BIT_CONVERSION = YES;
				GCC_WARN_ABOUT_RETURN_TYPE = YES;
				GCC_WARN_UNINITIALIZED_AUTOS = YES;
				GCC_WARN_UNUSED_VARIABLE = YES;
				MACOSX_DEPLOYMENT_TARGET = 10.7;
				SDKROOT = macosx;
			};
			name = Release;
		};
		5623D02416B5C220002B2E0C /* Debug */ = {
			isa = XCBuildConfiguration;
			buildSettings = {
				COMBINE_HIDPI_IMAGES = YES;
				GCC_PRECOMPILE_PREFIX_HEADER = YES;
				GCC_PREFIX_HEADER = "Pandora's Box/Pandora's Box-Prefix.pch";
				INFOPLIST_FILE = "Pandora's Box/Pandora's Box-Info.plist";
				PRODUCT_NAME = "$(TARGET_NAME)";
				WRAPPER_EXTENSION = app;
			};
			name = Debug;
		};
		5623D02516B5C220002B2E0C /* Release */ = {
			isa = XCBuildConfiguration;
			buildSettings = {
				COMBINE_HIDPI_IMAGES = YES;
				GCC_PRECOMPILE_PREFIX_HEADER = YES;
				GCC_PREFIX_HEADER = "Pandora's Box/Pandora's Box-Prefix.pch";
				INFOPLIST_FILE = "Pandora's Box/Pandora's Box-Info.plist";
				PRODUCT_NAME = "$(TARGET_NAME)";
				WRAPPER_EXTENSION = app;
			};
			name = Release;
		};
		5623D02716B5C220002B2E0C /* Debug */ = {
			isa = XCBuildConfiguration;
			buildSettings = {
				BUNDLE_LOADER = "$(BUILT_PRODUCTS_DIR)/Pandora's Box.app/Contents/MacOS/Pandora's Box";
				COMBINE_HIDPI_IMAGES = YES;
				FRAMEWORK_SEARCH_PATHS = "\"$(DEVELOPER_LIBRARY_DIR)/Frameworks\"";
				GCC_PRECOMPILE_PREFIX_HEADER = YES;
				GCC_PREFIX_HEADER = "Pandora's Box/Pandora's Box-Prefix.pch";
				INFOPLIST_FILE = "Pandora's BoxTests/Pandora's BoxTests-Info.plist";
				PRODUCT_NAME = "$(TARGET_NAME)";
				TEST_HOST = "$(BUNDLE_LOADER)";
				WRAPPER_EXTENSION = octest;
			};
			name = Debug;
		};
		5623D02816B5C220002B2E0C /* Release */ = {
			isa = XCBuildConfiguration;
			buildSettings = {
				BUNDLE_LOADER = "$(BUILT_PRODUCTS_DIR)/Pandora's Box.app/Contents/MacOS/Pandora's Box";
				COMBINE_HIDPI_IMAGES = YES;
				FRAMEWORK_SEARCH_PATHS = "\"$(DEVELOPER_LIBRARY_DIR)/Frameworks\"";
				GCC_PRECOMPILE_PREFIX_HEADER = YES;
				GCC_PREFIX_HEADER = "Pandora's Box/Pandora's Box-Prefix.pch";
				INFOPLIST_FILE = "Pandora's BoxTests/Pandora's BoxTests-Info.plist";
				PRODUCT_NAME = "$(TARGET_NAME)";
				TEST_HOST = "$(BUNDLE_LOADER)";
				WRAPPER_EXTENSION = octest;
			};
			name = Release;
		};
/* End XCBuildConfiguration section */

/* Begin XCConfigurationList section */
		5623CFEB16B5C220002B2E0C /* Build configuration list for PBXProject "Pandora's Box" */ = {
			isa = XCConfigurationList;
			buildConfigurations = (
				5623D02116B5C220002B2E0C /* Debug */,
				5623D02216B5C220002B2E0C /* Release */,
			);
			defaultConfigurationIsVisible = 0;
			defaultConfigurationName = Release;
		};
		5623D02316B5C220002B2E0C /* Build configuration list for PBXNativeTarget "Pandora's Box" */ = {
			isa = XCConfigurationList;
			buildConfigurations = (
				5623D02416B5C220002B2E0C /* Debug */,
				5623D02516B5C220002B2E0C /* Release */,
			);
			defaultConfigurationIsVisible = 0;
			defaultConfigurationName = Release;
		};
		5623D02616B5C220002B2E0C /* Build configuration list for PBXNativeTarget "Pandora's BoxTests" */ = {
			isa = XCConfigurationList;
			buildConfigurations = (
				5623D02716B5C220002B2E0C /* Debug */,
				5623D02816B5C220002B2E0C /* Release */,
			);
			defaultConfigurationIsVisible = 0;
			defaultConfigurationName = Release;
		};
/* End XCConfigurationList section */
	};
	rootObject = 5623CFE816B5C220002B2E0C /* Project object */;
}
